// !$*UTF8*$!
{
	archiveVersion = 1;
	classes = {
	};
	objectVersion = 46;
	objects = {

/* Begin PBXBuildFile section */
		0F19220844D5E0153095BA52 /* Pods_Total_TextbooksTests.framework in Frameworks */ = {isa = PBXBuildFile; fileRef = E9804F489D6F716ED1744A9E /* Pods_Total_TextbooksTests.framework */; };
		4B40269FCF8500DC0171E213 /* Pods_Total_Textbooks.framework in Frameworks */ = {isa = PBXBuildFile; fileRef = F3533133C5D6FB68B1ED90DC /* Pods_Total_Textbooks.framework */; };
		6495E74F1B58D412547775C0 /* Pods_Total_TextbooksUITests.framework in Frameworks */ = {isa = PBXBuildFile; fileRef = EAE500CFDF35CA39AC7F2F61 /* Pods_Total_TextbooksUITests.framework */; };
		9005C7441CE4BBBC00277047 /* Launch Screen.storyboard in Resources */ = {isa = PBXBuildFile; fileRef = 9005C7431CE4BBBC00277047 /* Launch Screen.storyboard */; };
		901247B31CEA19C400CB420A /* extWebViewController.swift in Sources */ = {isa = PBXBuildFile; fileRef = 901247B21CEA19C400CB420A /* extWebViewController.swift */; };
		908D2B671CE3816D00D19C22 /* main-iphone.storyboard in Resources */ = {isa = PBXBuildFile; fileRef = 908D2B651CE3816D00D19C22 /* main-iphone.storyboard */; };
		909EB7C21CDD181500B8157F /* HelpViewController.swift in Sources */ = {isa = PBXBuildFile; fileRef = 909EB7C11CDD181500B8157F /* HelpViewController.swift */; };
		90BC3EA51CE37D1E00AA2D22 /* ROBarcodeScannerViewController.swift in Sources */ = {isa = PBXBuildFile; fileRef = 90BC3EA31CE37D1E00AA2D22 /* ROBarcodeScannerViewController.swift */; };
		90BC3EA61CE37D1E00AA2D22 /* SearchFormViewController.swift in Sources */ = {isa = PBXBuildFile; fileRef = 90BC3EA41CE37D1E00AA2D22 /* SearchFormViewController.swift */; };
		90D166C11D01DFCC00DCAD2D /* SearchTitleViewController.swift in Sources */ = {isa = PBXBuildFile; fileRef = 90D166C01D01DFCC00DCAD2D /* SearchTitleViewController.swift */; };
		90D3E1D61D0838410024500B /* AboutViewController.swift in Sources */ = {isa = PBXBuildFile; fileRef = 90D3E1D51D0838410024500B /* AboutViewController.swift */; };
		90DF7CA01CE3B1BE001B9C57 /* SWRevealViewController.m in Sources */ = {isa = PBXBuildFile; fileRef = 90DF7C9F1CE3B1BE001B9C57 /* SWRevealViewController.m */; };
		90DF7CA21CE3B8E7001B9C57 /* MenuController.swift in Sources */ = {isa = PBXBuildFile; fileRef = 90DF7CA11CE3B8E7001B9C57 /* MenuController.swift */; };
		90E50E771CDB826500874391 /* AppDelegate.swift in Sources */ = {isa = PBXBuildFile; fileRef = 90E50E761CDB826500874391 /* AppDelegate.swift */; };
		90E50E791CDB826500874391 /* SearchViewController.swift in Sources */ = {isa = PBXBuildFile; fileRef = 90E50E781CDB826500874391 /* SearchViewController.swift */; };
		90E50E801CDB826500874391 /* Assets.xcassets in Resources */ = {isa = PBXBuildFile; fileRef = 90E50E7F1CDB826500874391 /* Assets.xcassets */; };
		90E50E8E1CDB826500874391 /* Total_TextbooksTests.swift in Sources */ = {isa = PBXBuildFile; fileRef = 90E50E8D1CDB826500874391 /* Total_TextbooksTests.swift */; };
		90E50E991CDB826500874391 /* Total_TextbooksUITests.swift in Sources */ = {isa = PBXBuildFile; fileRef = 90E50E981CDB826500874391 /* Total_TextbooksUITests.swift */; };
/* End PBXBuildFile section */

/* Begin PBXContainerItemProxy section */
		90E50E8A1CDB826500874391 /* PBXContainerItemProxy */ = {
			isa = PBXContainerItemProxy;
			containerPortal = 90E50E6B1CDB826400874391 /* Project object */;
			proxyType = 1;
			remoteGlobalIDString = 90E50E721CDB826400874391;
			remoteInfo = "Total Textbooks";
		};
		90E50E951CDB826500874391 /* PBXContainerItemProxy */ = {
			isa = PBXContainerItemProxy;
			containerPortal = 90E50E6B1CDB826400874391 /* Project object */;
			proxyType = 1;
			remoteGlobalIDString = 90E50E721CDB826400874391;
			remoteInfo = "Total Textbooks";
		};
/* End PBXContainerItemProxy section */

/* Begin PBXFileReference section */
		0E8BB32BFCBA051361343715 /* Pods-Total TextbooksUITests.debug.xcconfig */ = {isa = PBXFileReference; includeInIndex = 1; lastKnownFileType = text.xcconfig; name = "Pods-Total TextbooksUITests.debug.xcconfig"; path = "Pods/Target Support Files/Pods-Total TextbooksUITests/Pods-Total TextbooksUITests.debug.xcconfig"; sourceTree = "<group>"; };
		1DC484778FD37580192EC347 /* Pods-Total TextbooksTests.release.xcconfig */ = {isa = PBXFileReference; includeInIndex = 1; lastKnownFileType = text.xcconfig; name = "Pods-Total TextbooksTests.release.xcconfig"; path = "Pods/Target Support Files/Pods-Total TextbooksTests/Pods-Total TextbooksTests.release.xcconfig"; sourceTree = "<group>"; };
		575AF65F1870437F6BE3CD3F /* Pods-Total TextbooksUITests.release.xcconfig */ = {isa = PBXFileReference; includeInIndex = 1; lastKnownFileType = text.xcconfig; name = "Pods-Total TextbooksUITests.release.xcconfig"; path = "Pods/Target Support Files/Pods-Total TextbooksUITests/Pods-Total TextbooksUITests.release.xcconfig"; sourceTree = "<group>"; };
		75ECB30B5C553CFB1216DDBD /* Pods-Total Textbooks.release.xcconfig */ = {isa = PBXFileReference; includeInIndex = 1; lastKnownFileType = text.xcconfig; name = "Pods-Total Textbooks.release.xcconfig"; path = "Pods/Target Support Files/Pods-Total Textbooks/Pods-Total Textbooks.release.xcconfig"; sourceTree = "<group>"; };
		9005C7431CE4BBBC00277047 /* Launch Screen.storyboard */ = {isa = PBXFileReference; fileEncoding = 4; lastKnownFileType = file.storyboard; path = "Launch Screen.storyboard"; sourceTree = "<group>"; };
		901247B21CEA19C400CB420A /* extWebViewController.swift */ = {isa = PBXFileReference; fileEncoding = 4; lastKnownFileType = sourcecode.swift; path = extWebViewController.swift; sourceTree = "<group>"; };
		908D2B661CE3816D00D19C22 /* Base */ = {isa = PBXFileReference; lastKnownFileType = file.storyboard; name = Base; path = "Base.lproj/main-iphone.storyboard"; sourceTree = "<group>"; };
		909EB7C11CDD181500B8157F /* HelpViewController.swift */ = {isa = PBXFileReference; fileEncoding = 4; lastKnownFileType = sourcecode.swift; path = HelpViewController.swift; sourceTree = "<group>"; };
		90BC3EA31CE37D1E00AA2D22 /* ROBarcodeScannerViewController.swift */ = {isa = PBXFileReference; fileEncoding = 4; lastKnownFileType = sourcecode.swift; path = ROBarcodeScannerViewController.swift; sourceTree = "<group>"; };
		90BC3EA41CE37D1E00AA2D22 /* SearchFormViewController.swift */ = {isa = PBXFileReference; fileEncoding = 4; lastKnownFileType = sourcecode.swift; path = SearchFormViewController.swift; sourceTree = "<group>"; };
		90D166C01D01DFCC00DCAD2D /* SearchTitleViewController.swift */ = {isa = PBXFileReference; fileEncoding = 4; lastKnownFileType = sourcecode.swift; path = SearchTitleViewController.swift; sourceTree = "<group>"; };
		90D3E1D51D0838410024500B /* AboutViewController.swift */ = {isa = PBXFileReference; fileEncoding = 4; lastKnownFileType = sourcecode.swift; path = AboutViewController.swift; sourceTree = "<group>"; };
		90DF7C9D1CE3B1BE001B9C57 /* Total Textbooks-Bridging-Header.h */ = {isa = PBXFileReference; lastKnownFileType = sourcecode.c.h; path = "Total Textbooks-Bridging-Header.h"; sourceTree = "<group>"; };
		90DF7C9E1CE3B1BE001B9C57 /* SWRevealViewController.h */ = {isa = PBXFileReference; fileEncoding = 4; lastKnownFileType = sourcecode.c.h; path = SWRevealViewController.h; sourceTree = "<group>"; };
		90DF7C9F1CE3B1BE001B9C57 /* SWRevealViewController.m */ = {isa = PBXFileReference; fileEncoding = 4; lastKnownFileType = sourcecode.c.objc; path = SWRevealViewController.m; sourceTree = "<group>"; };
		90DF7CA11CE3B8E7001B9C57 /* MenuController.swift */ = {isa = PBXFileReference; fileEncoding = 4; lastKnownFileType = sourcecode.swift; path = MenuController.swift; sourceTree = "<group>"; };
		90E50E731CDB826500874391 /* Total Textbooks.app */ = {isa = PBXFileReference; explicitFileType = wrapper.application; includeInIndex = 0; path = "Total Textbooks.app"; sourceTree = BUILT_PRODUCTS_DIR; };
		90E50E761CDB826500874391 /* AppDelegate.swift */ = {isa = PBXFileReference; lastKnownFileType = sourcecode.swift; path = AppDelegate.swift; sourceTree = "<group>"; };
		90E50E781CDB826500874391 /* SearchViewController.swift */ = {isa = PBXFileReference; lastKnownFileType = sourcecode.swift; path = SearchViewController.swift; sourceTree = "<group>"; };
		90E50E7F1CDB826500874391 /* Assets.xcassets */ = {isa = PBXFileReference; lastKnownFileType = folder.assetcatalog; path = Assets.xcassets; sourceTree = "<group>"; };
		90E50E841CDB826500874391 /* Info.plist */ = {isa = PBXFileReference; lastKnownFileType = text.plist.xml; path = Info.plist; sourceTree = "<group>"; };
		90E50E891CDB826500874391 /* Total TextbooksTests.xctest */ = {isa = PBXFileReference; explicitFileType = wrapper.cfbundle; includeInIndex = 0; path = "Total TextbooksTests.xctest"; sourceTree = BUILT_PRODUCTS_DIR; };
		90E50E8D1CDB826500874391 /* Total_TextbooksTests.swift */ = {isa = PBXFileReference; lastKnownFileType = sourcecode.swift; path = Total_TextbooksTests.swift; sourceTree = "<group>"; };
		90E50E8F1CDB826500874391 /* Info.plist */ = {isa = PBXFileReference; lastKnownFileType = text.plist.xml; path = Info.plist; sourceTree = "<group>"; };
		90E50E941CDB826500874391 /* Total TextbooksUITests.xctest */ = {isa = PBXFileReference; explicitFileType = wrapper.cfbundle; includeInIndex = 0; path = "Total TextbooksUITests.xctest"; sourceTree = BUILT_PRODUCTS_DIR; };
		90E50E981CDB826500874391 /* Total_TextbooksUITests.swift */ = {isa = PBXFileReference; lastKnownFileType = sourcecode.swift; path = Total_TextbooksUITests.swift; sourceTree = "<group>"; };
		90E50E9A1CDB826500874391 /* Info.plist */ = {isa = PBXFileReference; lastKnownFileType = text.plist.xml; path = Info.plist; sourceTree = "<group>"; };
		90F080401CE38FDE001E81E2 /* Total Textbooks.entitlements */ = {isa = PBXFileReference; lastKnownFileType = text.xml; path = "Total Textbooks.entitlements"; sourceTree = "<group>"; };
		A55A767480814902B363CB6B /* Pods-Total Textbooks.debug.xcconfig */ = {isa = PBXFileReference; includeInIndex = 1; lastKnownFileType = text.xcconfig; name = "Pods-Total Textbooks.debug.xcconfig"; path = "Pods/Target Support Files/Pods-Total Textbooks/Pods-Total Textbooks.debug.xcconfig"; sourceTree = "<group>"; };
		B75ECB40D9AAC44C8D1F7E0E /* Pods-Total TextbooksTests.debug.xcconfig */ = {isa = PBXFileReference; includeInIndex = 1; lastKnownFileType = text.xcconfig; name = "Pods-Total TextbooksTests.debug.xcconfig"; path = "Pods/Target Support Files/Pods-Total TextbooksTests/Pods-Total TextbooksTests.debug.xcconfig"; sourceTree = "<group>"; };
		E9804F489D6F716ED1744A9E /* Pods_Total_TextbooksTests.framework */ = {isa = PBXFileReference; explicitFileType = wrapper.framework; includeInIndex = 0; path = Pods_Total_TextbooksTests.framework; sourceTree = BUILT_PRODUCTS_DIR; };
		EAE500CFDF35CA39AC7F2F61 /* Pods_Total_TextbooksUITests.framework */ = {isa = PBXFileReference; explicitFileType = wrapper.framework; includeInIndex = 0; path = Pods_Total_TextbooksUITests.framework; sourceTree = BUILT_PRODUCTS_DIR; };
		F3533133C5D6FB68B1ED90DC /* Pods_Total_Textbooks.framework */ = {isa = PBXFileReference; explicitFileType = wrapper.framework; includeInIndex = 0; path = Pods_Total_Textbooks.framework; sourceTree = BUILT_PRODUCTS_DIR; };
/* End PBXFileReference section */

/* Begin PBXFrameworksBuildPhase section */
		90E50E701CDB826400874391 /* Frameworks */ = {
			isa = PBXFrameworksBuildPhase;
			buildActionMask = 2147483647;
			files = (
				4B40269FCF8500DC0171E213 /* Pods_Total_Textbooks.framework in Frameworks */,
			);
			runOnlyForDeploymentPostprocessing = 0;
		};
		90E50E861CDB826500874391 /* Frameworks */ = {
			isa = PBXFrameworksBuildPhase;
			buildActionMask = 2147483647;
			files = (
				0F19220844D5E0153095BA52 /* Pods_Total_TextbooksTests.framework in Frameworks */,
			);
			runOnlyForDeploymentPostprocessing = 0;
		};
		90E50E911CDB826500874391 /* Frameworks */ = {
			isa = PBXFrameworksBuildPhase;
			buildActionMask = 2147483647;
			files = (
				6495E74F1B58D412547775C0 /* Pods_Total_TextbooksUITests.framework in Frameworks */,
			);
			runOnlyForDeploymentPostprocessing = 0;
		};
/* End PBXFrameworksBuildPhase section */

/* Begin PBXGroup section */
		90DF7C9C1CE3B189001B9C57 /* SWReveallViewController */ = {
			isa = PBXGroup;
			children = (
				90DF7C9E1CE3B1BE001B9C57 /* SWRevealViewController.h */,
				90DF7C9F1CE3B1BE001B9C57 /* SWRevealViewController.m */,
				90DF7C9D1CE3B1BE001B9C57 /* Total Textbooks-Bridging-Header.h */,
			);
			name = SWReveallViewController;
			sourceTree = "<group>";
		};
		90E50E6A1CDB826400874391 = {
			isa = PBXGroup;
			children = (
				90E50E751CDB826500874391 /* Total Textbooks */,
				90E50E8C1CDB826500874391 /* Total TextbooksTests */,
				90E50E971CDB826500874391 /* Total TextbooksUITests */,
				90E50E741CDB826500874391 /* Products */,
				CD4893ABA99EEC70982F5595 /* Pods */,
				99AD649D5A8039DA456B863B /* Frameworks */,
			);
			sourceTree = "<group>";
		};
		90E50E741CDB826500874391 /* Products */ = {
			isa = PBXGroup;
			children = (
				90E50E731CDB826500874391 /* Total Textbooks.app */,
				90E50E891CDB826500874391 /* Total TextbooksTests.xctest */,
				90E50E941CDB826500874391 /* Total TextbooksUITests.xctest */,
			);
			name = Products;
			sourceTree = "<group>";
		};
		90E50E751CDB826500874391 /* Total Textbooks */ = {
			isa = PBXGroup;
			children = (
				90D3E1D51D0838410024500B /* AboutViewController.swift */,
				9005C7431CE4BBBC00277047 /* Launch Screen.storyboard */,
				90DF7C9C1CE3B189001B9C57 /* SWReveallViewController */,
				90F080401CE38FDE001E81E2 /* Total Textbooks.entitlements */,
				90E50E761CDB826500874391 /* AppDelegate.swift */,
				90BC3EA41CE37D1E00AA2D22 /* SearchFormViewController.swift */,
				90D166C01D01DFCC00DCAD2D /* SearchTitleViewController.swift */,
				90E50E781CDB826500874391 /* SearchViewController.swift */,
				908D2B651CE3816D00D19C22 /* main-iphone.storyboard */,
				901247B21CEA19C400CB420A /* extWebViewController.swift */,
				90DF7CA11CE3B8E7001B9C57 /* MenuController.swift */,
				909EB7C11CDD181500B8157F /* HelpViewController.swift */,
				90BC3EA31CE37D1E00AA2D22 /* ROBarcodeScannerViewController.swift */,
				90E50E7F1CDB826500874391 /* Assets.xcassets */,
				90E50E841CDB826500874391 /* Info.plist */,
			);
			path = "Total Textbooks";
			sourceTree = "<group>";
		};
		90E50E8C1CDB826500874391 /* Total TextbooksTests */ = {
			isa = PBXGroup;
			children = (
				90E50E8D1CDB826500874391 /* Total_TextbooksTests.swift */,
				90E50E8F1CDB826500874391 /* Info.plist */,
			);
			path = "Total TextbooksTests";
			sourceTree = "<group>";
		};
		90E50E971CDB826500874391 /* Total TextbooksUITests */ = {
			isa = PBXGroup;
			children = (
				90E50E981CDB826500874391 /* Total_TextbooksUITests.swift */,
				90E50E9A1CDB826500874391 /* Info.plist */,
			);
			path = "Total TextbooksUITests";
			sourceTree = "<group>";
		};
		99AD649D5A8039DA456B863B /* Frameworks */ = {
			isa = PBXGroup;
			children = (
				F3533133C5D6FB68B1ED90DC /* Pods_Total_Textbooks.framework */,
				E9804F489D6F716ED1744A9E /* Pods_Total_TextbooksTests.framework */,
				EAE500CFDF35CA39AC7F2F61 /* Pods_Total_TextbooksUITests.framework */,
			);
			name = Frameworks;
			sourceTree = "<group>";
		};
		CD4893ABA99EEC70982F5595 /* Pods */ = {
			isa = PBXGroup;
			children = (
				A55A767480814902B363CB6B /* Pods-Total Textbooks.debug.xcconfig */,
				75ECB30B5C553CFB1216DDBD /* Pods-Total Textbooks.release.xcconfig */,
				B75ECB40D9AAC44C8D1F7E0E /* Pods-Total TextbooksTests.debug.xcconfig */,
				1DC484778FD37580192EC347 /* Pods-Total TextbooksTests.release.xcconfig */,
				0E8BB32BFCBA051361343715 /* Pods-Total TextbooksUITests.debug.xcconfig */,
				575AF65F1870437F6BE3CD3F /* Pods-Total TextbooksUITests.release.xcconfig */,
			);
			name = Pods;
			sourceTree = "<group>";
		};
/* End PBXGroup section */

/* Begin PBXNativeTarget section */
		90E50E721CDB826400874391 /* Total Textbooks */ = {
			isa = PBXNativeTarget;
			buildConfigurationList = 90E50E9D1CDB826500874391 /* Build configuration list for PBXNativeTarget "Total Textbooks" */;
			buildPhases = (
				4ADDE6FAE1786D5EE3AE040B /* [CP] Check Pods Manifest.lock */,
				90E50E6F1CDB826400874391 /* Sources */,
				90E50E701CDB826400874391 /* Frameworks */,
				90E50E711CDB826400874391 /* Resources */,
				62759D523703F72BEE666FEC /* [CP] Embed Pods Frameworks */,
				5B23BB533540B6B6C512EBA3 /* [CP] Copy Pods Resources */,
			);
			buildRules = (
			);
			dependencies = (
			);
			name = "Total Textbooks";
			productName = "Total Textbooks";
			productReference = 90E50E731CDB826500874391 /* Total Textbooks.app */;
			productType = "com.apple.product-type.application";
		};
		90E50E881CDB826500874391 /* Total TextbooksTests */ = {
			isa = PBXNativeTarget;
			buildConfigurationList = 90E50EA01CDB826500874391 /* Build configuration list for PBXNativeTarget "Total TextbooksTests" */;
			buildPhases = (
				41EA3D27D2B20FD7908F77F7 /* [CP] Check Pods Manifest.lock */,
				90E50E851CDB826500874391 /* Sources */,
				90E50E861CDB826500874391 /* Frameworks */,
				90E50E871CDB826500874391 /* Resources */,
				E1AAFBFF097E8BC9ABEFAB8E /* [CP] Embed Pods Frameworks */,
				803FA769426CD777A05DF087 /* [CP] Copy Pods Resources */,
			);
			buildRules = (
			);
			dependencies = (
				90E50E8B1CDB826500874391 /* PBXTargetDependency */,
			);
			name = "Total TextbooksTests";
			productName = "Total TextbooksTests";
			productReference = 90E50E891CDB826500874391 /* Total TextbooksTests.xctest */;
			productType = "com.apple.product-type.bundle.unit-test";
		};
		90E50E931CDB826500874391 /* Total TextbooksUITests */ = {
			isa = PBXNativeTarget;
			buildConfigurationList = 90E50EA31CDB826500874391 /* Build configuration list for PBXNativeTarget "Total TextbooksUITests" */;
			buildPhases = (
				0B3C76E542603E82D57BD676 /* [CP] Check Pods Manifest.lock */,
				90E50E901CDB826500874391 /* Sources */,
				90E50E911CDB826500874391 /* Frameworks */,
				90E50E921CDB826500874391 /* Resources */,
				B0ED168E7E063EFDF4B1ECD0 /* [CP] Copy Pods Resources */,
			);
			buildRules = (
			);
			dependencies = (
				90E50E961CDB826500874391 /* PBXTargetDependency */,
			);
			name = "Total TextbooksUITests";
			productName = "Total TextbooksUITests";
			productReference = 90E50E941CDB826500874391 /* Total TextbooksUITests.xctest */;
			productType = "com.apple.product-type.bundle.ui-testing";
		};
/* End PBXNativeTarget section */

/* Begin PBXProject section */
		90E50E6B1CDB826400874391 /* Project object */ = {
			isa = PBXProject;
			attributes = {
				LastSwiftUpdateCheck = 0730;
				LastUpgradeCheck = 0730;
				ORGANIZATIONNAME = "Ricky Gilleland";
				TargetAttributes = {
					90E50E721CDB826400874391 = {
						CreatedOnToolsVersion = 7.3.1;
						DevelopmentTeam = 83X7W84FVC;
						SystemCapabilities = {
							com.apple.iCloud = {
								enabled = 0;
							};
						};
					};
					90E50E881CDB826500874391 = {
						CreatedOnToolsVersion = 7.3.1;
						TestTargetID = 90E50E721CDB826400874391;
					};
					90E50E931CDB826500874391 = {
						CreatedOnToolsVersion = 7.3.1;
						TestTargetID = 90E50E721CDB826400874391;
					};
				};
			};
			buildConfigurationList = 90E50E6E1CDB826400874391 /* Build configuration list for PBXProject "Total Textbooks" */;
			compatibilityVersion = "Xcode 3.2";
			developmentRegion = English;
			hasScannedForEncodings = 0;
			knownRegions = (
				en,
				Base,
			);
			mainGroup = 90E50E6A1CDB826400874391;
			productRefGroup = 90E50E741CDB826500874391 /* Products */;
			projectDirPath = "";
			projectRoot = "";
			targets = (
				90E50E721CDB826400874391 /* Total Textbooks */,
				90E50E881CDB826500874391 /* Total TextbooksTests */,
				90E50E931CDB826500874391 /* Total TextbooksUITests */,
			);
		};
/* End PBXProject section */

/* Begin PBXResourcesBuildPhase section */
		90E50E711CDB826400874391 /* Resources */ = {
			isa = PBXResourcesBuildPhase;
			buildActionMask = 2147483647;
			files = (
				908D2B671CE3816D00D19C22 /* main-iphone.storyboard in Resources */,
				9005C7441CE4BBBC00277047 /* Launch Screen.storyboard in Resources */,
				90E50E801CDB826500874391 /* Assets.xcassets in Resources */,
			);
			runOnlyForDeploymentPostprocessing = 0;
		};
		90E50E871CDB826500874391 /* Resources */ = {
			isa = PBXResourcesBuildPhase;
			buildActionMask = 2147483647;
			files = (
			);
			runOnlyForDeploymentPostprocessing = 0;
		};
		90E50E921CDB826500874391 /* Resources */ = {
			isa = PBXResourcesBuildPhase;
			buildActionMask = 2147483647;
			files = (
			);
			runOnlyForDeploymentPostprocessing = 0;
		};
/* End PBXResourcesBuildPhase section */

/* Begin PBXShellScriptBuildPhase section */
		0B3C76E542603E82D57BD676 /* [CP] Check Pods Manifest.lock */ = {
			isa = PBXShellScriptBuildPhase;
			buildActionMask = 2147483647;
			files = (
			);
			inputPaths = (
			);
			name = "[CP] Check Pods Manifest.lock";
			outputPaths = (
			);
			runOnlyForDeploymentPostprocessing = 0;
			shellPath = /bin/sh;
			shellScript = "diff \"${PODS_ROOT}/../Podfile.lock\" \"${PODS_ROOT}/Manifest.lock\" > /dev/null\nif [[ $? != 0 ]] ; then\n    cat << EOM\nerror: The sandbox is not in sync with the Podfile.lock. Run 'pod install' or update your CocoaPods installation.\nEOM\n    exit 1\nfi\n";
			showEnvVarsInLog = 0;
		};
		41EA3D27D2B20FD7908F77F7 /* [CP] Check Pods Manifest.lock */ = {
			isa = PBXShellScriptBuildPhase;
			buildActionMask = 2147483647;
			files = (
			);
			inputPaths = (
			);
			name = "[CP] Check Pods Manifest.lock";
			outputPaths = (
			);
			runOnlyForDeploymentPostprocessing = 0;
			shellPath = /bin/sh;
			shellScript = "diff \"${PODS_ROOT}/../Podfile.lock\" \"${PODS_ROOT}/Manifest.lock\" > /dev/null\nif [[ $? != 0 ]] ; then\n    cat << EOM\nerror: The sandbox is not in sync with the Podfile.lock. Run 'pod install' or update your CocoaPods installation.\nEOM\n    exit 1\nfi\n";
			showEnvVarsInLog = 0;
		};
		4ADDE6FAE1786D5EE3AE040B /* [CP] Check Pods Manifest.lock */ = {
			isa = PBXShellScriptBuildPhase;
			buildActionMask = 2147483647;
			files = (
			);
			inputPaths = (
			);
			name = "[CP] Check Pods Manifest.lock";
			outputPaths = (
			);
			runOnlyForDeploymentPostprocessing = 0;
			shellPath = /bin/sh;
			shellScript = "diff \"${PODS_ROOT}/../Podfile.lock\" \"${PODS_ROOT}/Manifest.lock\" > /dev/null\nif [[ $? != 0 ]] ; then\n    cat << EOM\nerror: The sandbox is not in sync with the Podfile.lock. Run 'pod install' or update your CocoaPods installation.\nEOM\n    exit 1\nfi\n";
			showEnvVarsInLog = 0;
		};
		5B23BB533540B6B6C512EBA3 /* [CP] Copy Pods Resources */ = {
			isa = PBXShellScriptBuildPhase;
			buildActionMask = 2147483647;
			files = (
			);
			inputPaths = (
			);
			name = "[CP] Copy Pods Resources";
			outputPaths = (
			);
			runOnlyForDeploymentPostprocessing = 0;
			shellPath = /bin/sh;
			shellScript = "\"${SRCROOT}/Pods/Target Support Files/Pods-Total Textbooks/Pods-Total Textbooks-resources.sh\"\n";
			showEnvVarsInLog = 0;
		};
		62759D523703F72BEE666FEC /* [CP] Embed Pods Frameworks */ = {
			isa = PBXShellScriptBuildPhase;
			buildActionMask = 2147483647;
			files = (
			);
			inputPaths = (
			);
			name = "[CP] Embed Pods Frameworks";
			outputPaths = (
			);
			runOnlyForDeploymentPostprocessing = 0;
			shellPath = /bin/sh;
			shellScript = "\"${SRCROOT}/Pods/Target Support Files/Pods-Total Textbooks/Pods-Total Textbooks-frameworks.sh\"\n";
			showEnvVarsInLog = 0;
		};
		803FA769426CD777A05DF087 /* [CP] Copy Pods Resources */ = {
			isa = PBXShellScriptBuildPhase;
			buildActionMask = 2147483647;
			files = (
			);
			inputPaths = (
			);
			name = "[CP] Copy Pods Resources";
			outputPaths = (
			);
			runOnlyForDeploymentPostprocessing = 0;
			shellPath = /bin/sh;
			shellScript = "\"${SRCROOT}/Pods/Target Support Files/Pods-Total TextbooksTests/Pods-Total TextbooksTests-resources.sh\"\n";
			showEnvVarsInLog = 0;
		};
		B0ED168E7E063EFDF4B1ECD0 /* [CP] Copy Pods Resources */ = {
			isa = PBXShellScriptBuildPhase;
			buildActionMask = 2147483647;
			files = (
			);
			inputPaths = (
			);
			name = "[CP] Copy Pods Resources";
			outputPaths = (
			);
			runOnlyForDeploymentPostprocessing = 0;
			shellPath = /bin/sh;
			shellScript = "\"${SRCROOT}/Pods/Target Support Files/Pods-Total TextbooksUITests/Pods-Total TextbooksUITests-resources.sh\"\n";
			showEnvVarsInLog = 0;
		};
		E1AAFBFF097E8BC9ABEFAB8E /* [CP] Embed Pods Frameworks */ = {
			isa = PBXShellScriptBuildPhase;
			buildActionMask = 2147483647;
			files = (
			);
			inputPaths = (
			);
			name = "[CP] Embed Pods Frameworks";
			outputPaths = (
			);
			runOnlyForDeploymentPostprocessing = 0;
			shellPath = /bin/sh;
			shellScript = "\"${SRCROOT}/Pods/Target Support Files/Pods-Total TextbooksTests/Pods-Total TextbooksTests-frameworks.sh\"\n";
			showEnvVarsInLog = 0;
		};
/* End PBXShellScriptBuildPhase section */

/* Begin PBXSourcesBuildPhase section */
		90E50E6F1CDB826400874391 /* Sources */ = {
			isa = PBXSourcesBuildPhase;
			buildActionMask = 2147483647;
			files = (
				90DF7CA21CE3B8E7001B9C57 /* MenuController.swift in Sources */,
				90E50E771CDB826500874391 /* AppDelegate.swift in Sources */,
				90DF7CA01CE3B1BE001B9C57 /* SWRevealViewController.m in Sources */,
				90BC3EA61CE37D1E00AA2D22 /* SearchFormViewController.swift in Sources */,
				90D166C11D01DFCC00DCAD2D /* SearchTitleViewController.swift in Sources */,
				90E50E791CDB826500874391 /* SearchViewController.swift in Sources */,
				909EB7C21CDD181500B8157F /* HelpViewController.swift in Sources */,
				90BC3EA51CE37D1E00AA2D22 /* ROBarcodeScannerViewController.swift in Sources */,
				90D3E1D61D0838410024500B /* AboutViewController.swift in Sources */,
				901247B31CEA19C400CB420A /* extWebViewController.swift in Sources */,
			);
			runOnlyForDeploymentPostprocessing = 0;
		};
		90E50E851CDB826500874391 /* Sources */ = {
			isa = PBXSourcesBuildPhase;
			buildActionMask = 2147483647;
			files = (
				90E50E8E1CDB826500874391 /* Total_TextbooksTests.swift in Sources */,
			);
			runOnlyForDeploymentPostprocessing = 0;
		};
		90E50E901CDB826500874391 /* Sources */ = {
			isa = PBXSourcesBuildPhase;
			buildActionMask = 2147483647;
			files = (
				90E50E991CDB826500874391 /* Total_TextbooksUITests.swift in Sources */,
			);
			runOnlyForDeploymentPostprocessing = 0;
		};
/* End PBXSourcesBuildPhase section */

/* Begin PBXTargetDependency section */
		90E50E8B1CDB826500874391 /* PBXTargetDependency */ = {
			isa = PBXTargetDependency;
			target = 90E50E721CDB826400874391 /* Total Textbooks */;
			targetProxy = 90E50E8A1CDB826500874391 /* PBXContainerItemProxy */;
		};
		90E50E961CDB826500874391 /* PBXTargetDependency */ = {
			isa = PBXTargetDependency;
			target = 90E50E721CDB826400874391 /* Total Textbooks */;
			targetProxy = 90E50E951CDB826500874391 /* PBXContainerItemProxy */;
		};
/* End PBXTargetDependency section */

/* Begin PBXVariantGroup section */
		908D2B651CE3816D00D19C22 /* main-iphone.storyboard */ = {
			isa = PBXVariantGroup;
			children = (
				908D2B661CE3816D00D19C22 /* Base */,
			);
			name = "main-iphone.storyboard";
			sourceTree = "<group>";
		};
/* End PBXVariantGroup section */

/* Begin XCBuildConfiguration section */
		90E50E9B1CDB826500874391 /* Debug */ = {
			isa = XCBuildConfiguration;
			buildSettings = {
				ALWAYS_SEARCH_USER_PATHS = NO;
				CLANG_ANALYZER_NONNULL = YES;
				CLANG_CXX_LANGUAGE_STANDARD = "gnu++0x";
				CLANG_CXX_LIBRARY = "libc++";
				CLANG_ENABLE_MODULES = YES;
				CLANG_ENABLE_OBJC_ARC = YES;
				CLANG_WARN_BOOL_CONVERSION = YES;
				CLANG_WARN_CONSTANT_CONVERSION = YES;
				CLANG_WARN_DIRECT_OBJC_ISA_USAGE = YES_ERROR;
				CLANG_WARN_EMPTY_BODY = YES;
				CLANG_WARN_ENUM_CONVERSION = YES;
				CLANG_WARN_INT_CONVERSION = YES;
				CLANG_WARN_OBJC_ROOT_CLASS = YES_ERROR;
				CLANG_WARN_UNREACHABLE_CODE = YES;
				CLANG_WARN__DUPLICATE_METHOD_MATCH = YES;
				"CODE_SIGN_IDENTITY[sdk=iphoneos*]" = "iPhone Developer";
				COPY_PHASE_STRIP = NO;
				DEBUG_INFORMATION_FORMAT = dwarf;
				ENABLE_STRICT_OBJC_MSGSEND = YES;
				ENABLE_TESTABILITY = YES;
				GCC_C_LANGUAGE_STANDARD = gnu99;
				GCC_DYNAMIC_NO_PIC = NO;
				GCC_NO_COMMON_BLOCKS = YES;
				GCC_OPTIMIZATION_LEVEL = 0;
				GCC_PREPROCESSOR_DEFINITIONS = (
					"DEBUG=1",
					"$(inherited)",
				);
				GCC_WARN_64_TO_32_BIT_CONVERSION = YES;
				GCC_WARN_ABOUT_RETURN_TYPE = YES_ERROR;
				GCC_WARN_UNDECLARED_SELECTOR = YES;
				GCC_WARN_UNINITIALIZED_AUTOS = YES_AGGRESSIVE;
				GCC_WARN_UNUSED_FUNCTION = YES;
				GCC_WARN_UNUSED_VARIABLE = YES;
				IPHONEOS_DEPLOYMENT_TARGET = 9.3;
				MTL_ENABLE_DEBUG_INFO = YES;
				ONLY_ACTIVE_ARCH = YES;
				SDKROOT = iphoneos;
				SWIFT_OPTIMIZATION_LEVEL = "-Onone";
				TARGETED_DEVICE_FAMILY = "1,2";
			};
			name = Debug;
		};
		90E50E9C1CDB826500874391 /* Release */ = {
			isa = XCBuildConfiguration;
			buildSettings = {
				ALWAYS_SEARCH_USER_PATHS = NO;
				CLANG_ANALYZER_NONNULL = YES;
				CLANG_CXX_LANGUAGE_STANDARD = "gnu++0x";
				CLANG_CXX_LIBRARY = "libc++";
				CLANG_ENABLE_MODULES = YES;
				CLANG_ENABLE_OBJC_ARC = YES;
				CLANG_WARN_BOOL_CONVERSION = YES;
				CLANG_WARN_CONSTANT_CONVERSION = YES;
				CLANG_WARN_DIRECT_OBJC_ISA_USAGE = YES_ERROR;
				CLANG_WARN_EMPTY_BODY = YES;
				CLANG_WARN_ENUM_CONVERSION = YES;
				CLANG_WARN_INT_CONVERSION = YES;
				CLANG_WARN_OBJC_ROOT_CLASS = YES_ERROR;
				CLANG_WARN_UNREACHABLE_CODE = YES;
				CLANG_WARN__DUPLICATE_METHOD_MATCH = YES;
				"CODE_SIGN_IDENTITY[sdk=iphoneos*]" = "iPhone Developer";
				COPY_PHASE_STRIP = NO;
				DEBUG_INFORMATION_FORMAT = "dwarf-with-dsym";
				ENABLE_NS_ASSERTIONS = NO;
				ENABLE_STRICT_OBJC_MSGSEND = YES;
				GCC_C_LANGUAGE_STANDARD = gnu99;
				GCC_NO_COMMON_BLOCKS = YES;
				GCC_WARN_64_TO_32_BIT_CONVERSION = YES;
				GCC_WARN_ABOUT_RETURN_TYPE = YES_ERROR;
				GCC_WARN_UNDECLARED_SELECTOR = YES;
				GCC_WARN_UNINITIALIZED_AUTOS = YES_AGGRESSIVE;
				GCC_WARN_UNUSED_FUNCTION = YES;
				GCC_WARN_UNUSED_VARIABLE = YES;
				IPHONEOS_DEPLOYMENT_TARGET = 9.3;
				MTL_ENABLE_DEBUG_INFO = NO;
				SDKROOT = iphoneos;
				TARGETED_DEVICE_FAMILY = "1,2";
				VALIDATE_PRODUCT = YES;
			};
			name = Release;
		};
		90E50E9E1CDB826500874391 /* Debug */ = {
			isa = XCBuildConfiguration;
			baseConfigurationReference = A55A767480814902B363CB6B /* Pods-Total Textbooks.debug.xcconfig */;
			buildSettings = {
				ASSETCATALOG_COMPILER_APPICON_NAME = AppIcon;
				CLANG_ENABLE_MODULES = YES;
				CLANG_USE_OPTIMIZATION_PROFILE = NO;
				CODE_SIGN_ENTITLEMENTS = "Total Textbooks/Total Textbooks.entitlements";
				CODE_SIGN_IDENTITY = "iPhone Developer";
				"CODE_SIGN_IDENTITY[sdk=iphoneos*]" = "iPhone Developer";
				INFOPLIST_FILE = "Total Textbooks/Info.plist";
				IPHONEOS_DEPLOYMENT_TARGET = 8.0;
				LD_RUNPATH_SEARCH_PATHS = "$(inherited) @executable_path/Frameworks";
				PRODUCT_BUNDLE_IDENTIFIER = com.totaltextbooks;
				PRODUCT_NAME = "$(TARGET_NAME)";
				PROVISIONING_PROFILE = "";
				SWIFT_OBJC_BRIDGING_HEADER = "Total Textbooks/Total Textbooks-Bridging-Header.h";
				SWIFT_OPTIMIZATION_LEVEL = "-Onone";
			};
			name = Debug;
		};
		90E50E9F1CDB826500874391 /* Release */ = {
			isa = XCBuildConfiguration;
			baseConfigurationReference = 75ECB30B5C553CFB1216DDBD /* Pods-Total Textbooks.release.xcconfig */;
			buildSettings = {
				ASSETCATALOG_COMPILER_APPICON_NAME = AppIcon;
				CLANG_ENABLE_MODULES = YES;
				CLANG_USE_OPTIMIZATION_PROFILE = NO;
				CODE_SIGN_ENTITLEMENTS = "Total Textbooks/Total Textbooks.entitlements";
				CODE_SIGN_IDENTITY = "iPhone Developer";
				"CODE_SIGN_IDENTITY[sdk=iphoneos*]" = "iPhone Developer";
				INFOPLIST_FILE = "Total Textbooks/Info.plist";
				IPHONEOS_DEPLOYMENT_TARGET = 8.0;
				LD_RUNPATH_SEARCH_PATHS = "$(inherited) @executable_path/Frameworks";
				PRODUCT_BUNDLE_IDENTIFIER = com.totaltextbooks;
				PRODUCT_NAME = "$(TARGET_NAME)";
				PROVISIONING_PROFILE = "";
				SWIFT_OBJC_BRIDGING_HEADER = "Total Textbooks/Total Textbooks-Bridging-Header.h";
			};
			name = Release;
		};
		90E50EA11CDB826500874391 /* Debug */ = {
			isa = XCBuildConfiguration;
			baseConfigurationReference = B75ECB40D9AAC44C8D1F7E0E /* Pods-Total TextbooksTests.debug.xcconfig */;
			buildSettings = {
				BUNDLE_LOADER = "$(TEST_HOST)";
				INFOPLIST_FILE = "Total TextbooksTests/Info.plist";
				LD_RUNPATH_SEARCH_PATHS = "$(inherited) @executable_path/Frameworks @loader_path/Frameworks";
				PRODUCT_BUNDLE_IDENTIFIER = "com.rickygilleland.Total-TextbooksTests";
				PRODUCT_NAME = "$(TARGET_NAME)";
				TEST_HOST = "$(BUILT_PRODUCTS_DIR)/Total Textbooks.app/Total Textbooks";
			};
			name = Debug;
		};
		90E50EA21CDB826500874391 /* Release */ = {
			isa = XCBuildConfiguration;
			baseConfigurationReference = 1DC484778FD37580192EC347 /* Pods-Total TextbooksTests.release.xcconfig */;
			buildSettings = {
				BUNDLE_LOADER = "$(TEST_HOST)";
				INFOPLIST_FILE = "Total TextbooksTests/Info.plist";
				LD_RUNPATH_SEARCH_PATHS = "$(inherited) @executable_path/Frameworks @loader_path/Frameworks";
				PRODUCT_BUNDLE_IDENTIFIER = "com.rickygilleland.Total-TextbooksTests";
				PRODUCT_NAME = "$(TARGET_NAME)";
				TEST_HOST = "$(BUILT_PRODUCTS_DIR)/Total Textbooks.app/Total Textbooks";
			};
			name = Release;
		};
		90E50EA41CDB826500874391 /* Debug */ = {
			isa = XCBuildConfiguration;
			baseConfigurationReference = 0E8BB32BFCBA051361343715 /* Pods-Total TextbooksUITests.debug.xcconfig */;
			buildSettings = {
				INFOPLIST_FILE = "Total TextbooksUITests/Info.plist";
				LD_RUNPATH_SEARCH_PATHS = "$(inherited) @executable_path/Frameworks @loader_path/Frameworks";
				PRODUCT_BUNDLE_IDENTIFIER = "com.rickygilleland.Total-TextbooksUITests";
				PRODUCT_NAME = "$(TARGET_NAME)";
				TEST_TARGET_NAME = "Total Textbooks";
			};
			name = Debug;
		};
		90E50EA51CDB826500874391 /* Release */ = {
			isa = XCBuildConfiguration;
			baseConfigurationReference = 575AF65F1870437F6BE3CD3F /* Pods-Total TextbooksUITests.release.xcconfig */;
			buildSettings = {
				INFOPLIST_FILE = "Total TextbooksUITests/Info.plist";
				LD_RUNPATH_SEARCH_PATHS = "$(inherited) @executable_path/Frameworks @loader_path/Frameworks";
				PRODUCT_BUNDLE_IDENTIFIER = "com.rickygilleland.Total-TextbooksUITests";
				PRODUCT_NAME = "$(TARGET_NAME)";
				TEST_TARGET_NAME = "Total Textbooks";
			};
			name = Release;
		};
/* End XCBuildConfiguration section */

/* Begin XCConfigurationList section */
		90E50E6E1CDB826400874391 /* Build configuration list for PBXProject "Total Textbooks" */ = {
			isa = XCConfigurationList;
			buildConfigurations = (
				90E50E9B1CDB826500874391 /* Debug */,
				90E50E9C1CDB826500874391 /* Release */,
			);
			defaultConfigurationIsVisible = 0;
			defaultConfigurationName = Release;
		};
		90E50E9D1CDB826500874391 /* Build configuration list for PBXNativeTarget "Total Textbooks" */ = {
			isa = XCConfigurationList;
			buildConfigurations = (
				90E50E9E1CDB826500874391 /* Debug */,
				90E50E9F1CDB826500874391 /* Release */,
			);
			defaultConfigurationIsVisible = 0;
			defaultConfigurationName = Release;
		};
		90E50EA01CDB826500874391 /* Build configuration list for PBXNativeTarget "Total TextbooksTests" */ = {
			isa = XCConfigurationList;
			buildConfigurations = (
				90E50EA11CDB826500874391 /* Debug */,
				90E50EA21CDB826500874391 /* Release */,
			);
			defaultConfigurationIsVisible = 0;
			defaultConfigurationName = Release;
		};
		90E50EA31CDB826500874391 /* Build configuration list for PBXNativeTarget "Total TextbooksUITests" */ = {
			isa = XCConfigurationList;
			buildConfigurations = (
				90E50EA41CDB826500874391 /* Debug */,
				90E50EA51CDB826500874391 /* Release */,
			);
			defaultConfigurationIsVisible = 0;
			defaultConfigurationName = Release;
		};
/* End XCConfigurationList section */
	};
	rootObject = 90E50E6B1CDB826400874391 /* Project object */;
}
